
Microsoft Visual Studio Solution File, Format Version 12.00
# Visual Studio Version 17
VisualStudioVersion = 17.0.31903.59
MinimumVisualStudioVersion = 10.0.40219.1
Project("{FAE04EC0-301F-11D3-BF4B-00C04F79EFBC}") = "NewPetHome.API", "Src\NewPetHome.API\NewPetHome.API.csproj", "{EDF0B209-CFDB-4688-AB35-4E751AAA6251}"
EndProject
Project("{FAE04EC0-301F-11D3-BF4B-00C04F79EFBC}") = "NewPetHome.Applications", "Src\NewPetHome.Applications\NewPetHome.Applications.csproj", "{B9DFDBAA-11BA-4B28-AC38-0528E9DF0DF3}"
EndProject
Project("{FAE04EC0-301F-11D3-BF4B-00C04F79EFBC}") = "NewPetHome.Domain", "Src\NewPetHome.Domain\NewPetHome.Domain.csproj", "{7D647CCC-AF19-41B6-9939-A509EE30A4D3}"
EndProject
Project("{FAE04EC0-301F-11D3-BF4B-00C04F79EFBC}") = "NewPetHome.Infrastructure", "Src\NewPetHome.Infrastructure\NewPetHome.Infrastructure.csproj", "{8D72C344-7F30-4DEA-9514-5832AB7A1F0C}"
EndProject
Project("{2150E333-8FDC-42A3-9474-1A3956D46DE8}") = "Solution Items", "Solution Items", "{1448E209-FD29-4032-A80B-BFAD80FCB4F8}"
	ProjectSection(SolutionItems) = preProject
		docker-compose.yml = docker-compose.yml
	EndProjectSection
EndProject
Project("{2150E333-8FDC-42A3-9474-1A3956D46DE8}") = "src", "src", "{B01A10B2-FB7C-4EC1-A960-D62E08D2E74F}"
EndProject
Project("{2150E333-8FDC-42A3-9474-1A3956D46DE8}") = "tests", "tests", "{F21A2D3F-2A29-4842-B1FF-73E5A249EA87}"
EndProject
Project("{FAE04EC0-301F-11D3-BF4B-00C04F79EFBC}") = "NewPetHome.Domain.UnitTests", "tests\NewPetHome.Domain.UnitTests\NewPetHome.Domain.UnitTests.csproj", "{6EE16282-F4BF-4632-A6EA-2FC53C0B1C20}"
EndProject
Global
	GlobalSection(SolutionConfigurationPlatforms) = preSolution
		Debug|Any CPU = Debug|Any CPU
		Release|Any CPU = Release|Any CPU
	EndGlobalSection
	GlobalSection(SolutionProperties) = preSolution
		HideSolutionNode = FALSE
	EndGlobalSection
	GlobalSection(ProjectConfigurationPlatforms) = postSolution
		{EDF0B209-CFDB-4688-AB35-4E751AAA6251}.Debug|Any CPU.ActiveCfg = Debug|Any CPU
		{EDF0B209-CFDB-4688-AB35-4E751AAA6251}.Debug|Any CPU.Build.0 = Debug|Any CPU
		{EDF0B209-CFDB-4688-AB35-4E751AAA6251}.Release|Any CPU.ActiveCfg = Release|Any CPU
		{EDF0B209-CFDB-4688-AB35-4E751AAA6251}.Release|Any CPU.Build.0 = Release|Any CPU
		{B9DFDBAA-11BA-4B28-AC38-0528E9DF0DF3}.Debug|Any CPU.ActiveCfg = Debug|Any CPU
		{B9DFDBAA-11BA-4B28-AC38-0528E9DF0DF3}.Debug|Any CPU.Build.0 = Debug|Any CPU
		{B9DFDBAA-11BA-4B28-AC38-0528E9DF0DF3}.Release|Any CPU.ActiveCfg = Release|Any CPU
		{B9DFDBAA-11BA-4B28-AC38-0528E9DF0DF3}.Release|Any CPU.Build.0 = Release|Any CPU
		{7D647CCC-AF19-41B6-9939-A509EE30A4D3}.Debug|Any CPU.ActiveCfg = Debug|Any CPU
		{7D647CCC-AF19-41B6-9939-A509EE30A4D3}.Debug|Any CPU.Build.0 = Debug|Any CPU
		{7D647CCC-AF19-41B6-9939-A509EE30A4D3}.Release|Any CPU.ActiveCfg = Release|Any CPU
		{7D647CCC-AF19-41B6-9939-A509EE30A4D3}.Release|Any CPU.Build.0 = Release|Any CPU
		{8D72C344-7F30-4DEA-9514-5832AB7A1F0C}.Debug|Any CPU.ActiveCfg = Debug|Any CPU
		{8D72C344-7F30-4DEA-9514-5832AB7A1F0C}.Debug|Any CPU.Build.0 = Debug|Any CPU
		{8D72C344-7F30-4DEA-9514-5832AB7A1F0C}.Release|Any CPU.ActiveCfg = Release|Any CPU
		{8D72C344-7F30-4DEA-9514-5832AB7A1F0C}.Release|Any CPU.Build.0 = Release|Any CPU
		{6EE16282-F4BF-4632-A6EA-2FC53C0B1C20}.Debug|Any CPU.ActiveCfg = Debug|Any CPU
		{6EE16282-F4BF-4632-A6EA-2FC53C0B1C20}.Debug|Any CPU.Build.0 = Debug|Any CPU
		{6EE16282-F4BF-4632-A6EA-2FC53C0B1C20}.Release|Any CPU.ActiveCfg = Release|Any CPU
		{6EE16282-F4BF-4632-A6EA-2FC53C0B1C20}.Release|Any CPU.Build.0 = Release|Any CPU
	EndGlobalSection
	GlobalSection(NestedProjects) = preSolution
		{EDF0B209-CFDB-4688-AB35-4E751AAA6251} = {B01A10B2-FB7C-4EC1-A960-D62E08D2E74F}
		{B9DFDBAA-11BA-4B28-AC38-0528E9DF0DF3} = {B01A10B2-FB7C-4EC1-A960-D62E08D2E74F}
		{7D647CCC-AF19-41B6-9939-A509EE30A4D3} = {B01A10B2-FB7C-4EC1-A960-D62E08D2E74F}
		{8D72C344-7F30-4DEA-9514-5832AB7A1F0C} = {B01A10B2-FB7C-4EC1-A960-D62E08D2E74F}
		{6EE16282-F4BF-4632-A6EA-2FC53C0B1C20} = {F21A2D3F-2A29-4842-B1FF-73E5A249EA87}
	EndGlobalSection
EndGlobal
